
Microsoft Visual Studio Solution File, Format Version 12.00
# Visual Studio 15
VisualStudioVersion = 15.0.26730.12
MinimumVisualStudioVersion = 10.0.40219.1
Project("{9A19103F-16F7-4668-BE54-9A1E7A4F7556}") = "nowguaClient", "nowguaClient\nowguaClient.csproj", "{C7124233-724B-4DDA-AD0F-2EC6AA156337}"
EndProject
Project("{FAE04EC0-301F-11D3-BF4B-00C04F79EFBC}") = "nowguaClientTest", "nowguaClientTest\nowguaClientTest.csproj", "{34700399-5571-44A3-8CDA-4C920C65DDC1}"
EndProject
Global
	GlobalSection(SolutionConfigurationPlatforms) = preSolution
		Debug|Any CPU = Debug|Any CPU
		Release|Any CPU = Release|Any CPU
	EndGlobalSection
	GlobalSection(ProjectConfigurationPlatforms) = postSolution
		{C7124233-724B-4DDA-AD0F-2EC6AA156337}.Debug|Any CPU.ActiveCfg = Debug|Any CPU
		{C7124233-724B-4DDA-AD0F-2EC6AA156337}.Debug|Any CPU.Build.0 = Debug|Any CPU
		{C7124233-724B-4DDA-AD0F-2EC6AA156337}.Release|Any CPU.ActiveCfg = Release|Any CPU
		{C7124233-724B-4DDA-AD0F-2EC6AA156337}.Release|Any CPU.Build.0 = Release|Any CPU
		{34700399-5571-44A3-8CDA-4C920C65DDC1}.Debug|Any CPU.ActiveCfg = Debug|Any CPU
		{34700399-5571-44A3-8CDA-4C920C65DDC1}.Debug|Any CPU.Build.0 = Debug|Any CPU
		{34700399-5571-44A3-8CDA-4C920C65DDC1}.Release|Any CPU.ActiveCfg = Release|Any CPU
		{34700399-5571-44A3-8CDA-4C920C65DDC1}.Release|Any CPU.Build.0 = Release|Any CPU
	EndGlobalSection
	GlobalSection(SolutionProperties) = preSolution
		HideSolutionNode = FALSE
	EndGlobalSection
	GlobalSection(ExtensibilityGlobals) = postSolution
		SolutionGuid = {07EF6DD0-7961-47C4-B1A4-A8CBA09540AD}
	EndGlobalSection
EndGlobal
